
Microsoft Visual Studio Solution File, Format Version 12.00
# Visual Studio Version 16
VisualStudioVersion = 16.0.30330.147
MinimumVisualStudioVersion = 10.0.40219.1
Project("{FAE04EC0-301F-11D3-BF4B-00C04F79EFBC}") = "BIS", "BIS.csproj", "{686EEF9C-DD8F-4954-B9FE-A127AB6CEAB1}"
EndProject
Project("{FAE04EC0-301F-11D3-BF4B-00C04F79EFBC}") = "ConsoleApp1", "..\ConsoleApp1\ConsoleApp1.csproj", "{8DB1DE1C-5E4A-4794-87B4-E68309EDBB43}"
EndProject
Project("{FAE04EC0-301F-11D3-BF4B-00C04F79EFBC}") = "BISWpf", "..\BISWpf\BISWpf.csproj", "{EDE381E0-1E6C-4461-A6FB-0911355BDC71}"
EndProject
Project("{FAE04EC0-301F-11D3-BF4B-00C04F79EFBC}") = "ConsoleApp2", "..\ConsoleApp2\ConsoleApp2.csproj", "{485B1C54-4B06-4F0E-8268-1C0414C8A931}"
EndProject
Global
	GlobalSection(SolutionConfigurationPlatforms) = preSolution
		Debug|Any CPU = Debug|Any CPU
		Release|Any CPU = Release|Any CPU
	EndGlobalSection
	GlobalSection(ProjectConfigurationPlatforms) = postSolution
		{686EEF9C-DD8F-4954-B9FE-A127AB6CEAB1}.Debug|Any CPU.ActiveCfg = Debug|Any CPU
		{686EEF9C-DD8F-4954-B9FE-A127AB6CEAB1}.Debug|Any CPU.Build.0 = Debug|Any CPU
		{686EEF9C-DD8F-4954-B9FE-A127AB6CEAB1}.Release|Any CPU.ActiveCfg = Release|Any CPU
		{686EEF9C-DD8F-4954-B9FE-A127AB6CEAB1}.Release|Any CPU.Build.0 = Release|Any CPU
		{8DB1DE1C-5E4A-4794-87B4-E68309EDBB43}.Debug|Any CPU.ActiveCfg = Debug|Any CPU
		{8DB1DE1C-5E4A-4794-87B4-E68309EDBB43}.Debug|Any CPU.Build.0 = Debug|Any CPU
		{8DB1DE1C-5E4A-4794-87B4-E68309EDBB43}.Release|Any CPU.ActiveCfg = Release|Any CPU
		{8DB1DE1C-5E4A-4794-87B4-E68309EDBB43}.Release|Any CPU.Build.0 = Release|Any CPU
		{EDE381E0-1E6C-4461-A6FB-0911355BDC71}.Debug|Any CPU.ActiveCfg = Debug|Any CPU
		{EDE381E0-1E6C-4461-A6FB-0911355BDC71}.Debug|Any CPU.Build.0 = Debug|Any CPU
		{EDE381E0-1E6C-4461-A6FB-0911355BDC71}.Release|Any CPU.ActiveCfg = Release|Any CPU
		{EDE381E0-1E6C-4461-A6FB-0911355BDC71}.Release|Any CPU.Build.0 = Release|Any CPU
		{485B1C54-4B06-4F0E-8268-1C0414C8A931}.Debug|Any CPU.ActiveCfg = Debug|Any CPU
		{485B1C54-4B06-4F0E-8268-1C0414C8A931}.Debug|Any CPU.Build.0 = Debug|Any CPU
		{485B1C54-4B06-4F0E-8268-1C0414C8A931}.Release|Any CPU.ActiveCfg = Release|Any CPU
		{485B1C54-4B06-4F0E-8268-1C0414C8A931}.Release|Any CPU.Build.0 = Release|Any CPU
	EndGlobalSection
	GlobalSection(SolutionProperties) = preSolution
		HideSolutionNode = FALSE
	EndGlobalSection
	GlobalSection(ExtensibilityGlobals) = postSolution
		SolutionGuid = {9A1D86C0-AE2B-4697-A7A9-6B529A93CC90}
	EndGlobalSection
EndGlobal
